
Microsoft Visual Studio Solution File, Format Version 12.00
# Visual Studio Version 16
VisualStudioVersion = 16.0.31702.278
MinimumVisualStudioVersion = 10.0.40219.1
Project("{888888A0-9F3D-457C-B088-3A5042F75D52}") = "Python_Nanruan_Killer", "Python_Nanruan_Killer\Python_Nanruan_Killer.pyproj", "{9DD0D887-CFEC-4D2B-8E66-669D39FC07A4}"
EndProject
Global
	GlobalSection(SolutionConfigurationPlatforms) = preSolution
		Debug|Any CPU = Debug|Any CPU
		Release|Any CPU = Release|Any CPU
	EndGlobalSection
	GlobalSection(ProjectConfigurationPlatforms) = postSolution
		{9DD0D887-CFEC-4D2B-8E66-669D39FC07A4}.Debug|Any CPU.ActiveCfg = Debug|Any CPU
		{9DD0D887-CFEC-4D2B-8E66-669D39FC07A4}.Release|Any CPU.ActiveCfg = Release|Any CPU
	EndGlobalSection
	GlobalSection(SolutionProperties) = preSolution
		HideSolutionNode = FALSE
	EndGlobalSection
	GlobalSection(ExtensibilityGlobals) = postSolution
		SolutionGuid = {C744ACED-9AD1-46A6-816E-69E9C49EC78E}
	EndGlobalSection
EndGlobal
